lockfileVersion: '9.0'

settings:
  autoInstallPeers: true
  excludeLinksFromLockfile: false

importers:

  .:
    dependencies:
      systemjs:
        specifier: ^6.14.3
        version: 6.14.3

packages:

  systemjs@6.14.3:
    resolution: {integrity: sha512-hQv45irdhXudAOr8r6SVSpJSGtogdGZUbJBRKCE5nsIS7tsxxvnIHqT4IOPWj+P+HcSzeWzHlGCGpmhPDIKe+w==}

snapshots:

  systemjs@6.14.3: {}
